
Microsoft Visual Studio Solution File, Format Version 12.00
# Visual Studio Version 17
VisualStudioVersion = 17.4.33403.182
MinimumVisualStudioVersion = 10.0.40219.1
Project("{8BC9CEB8-8B4A-11D0-8D11-00A0C91BC942}") = "Dz1", "Dz1\Dz1.vcxproj", "{C96250C2-111B-43A8-980E-BEBE6B525AD8}"
EndProject
Global
	GlobalSection(SolutionConfigurationPlatforms) = preSolution
		Debug|x64 = Debug|x64
		Debug|x86 = Debug|x86
		Release|x64 = Release|x64
		Release|x86 = Release|x86
	EndGlobalSection
	GlobalSection(ProjectConfigurationPlatforms) = postSolution
		{C96250C2-111B-43A8-980E-BEBE6B525AD8}.Debug|x64.ActiveCfg = Debug|x64
		{C96250C2-111B-43A8-980E-BEBE6B525AD8}.Debug|x64.Build.0 = Debug|x64
		{C96250C2-111B-43A8-980E-BEBE6B525AD8}.Debug|x86.ActiveCfg = Debug|Win32
		{C96250C2-111B-43A8-980E-BEBE6B525AD8}.Debug|x86.Build.0 = Debug|Win32
		{C96250C2-111B-43A8-980E-BEBE6B525AD8}.Release|x64.ActiveCfg = Release|x64
		{C96250C2-111B-43A8-980E-BEBE6B525AD8}.Release|x64.Build.0 = Release|x64
		{C96250C2-111B-43A8-980E-BEBE6B525AD8}.Release|x86.ActiveCfg = Release|Win32
		{C96250C2-111B-43A8-980E-BEBE6B525AD8}.Release|x86.Build.0 = Release|Win32
	EndGlobalSection
	GlobalSection(SolutionProperties) = preSolution
		HideSolutionNode = FALSE
	EndGlobalSection
	GlobalSection(ExtensibilityGlobals) = postSolution
		SolutionGuid = {5FDE6196-B16D-4C36-8ABC-1589796CFA93}
	EndGlobalSection
EndGlobal
